Microsoft Visual Studio Solution File, Format Version 11.00
# Visual Studio 2008

Project("{6FD3ED95-478F-37C6-E53C-B0436727672C}") = "PieHard", "Assembly-CSharp-vs.csproj", "{D45C27C7-1B98-AC31-42F1-A566388F1A88}"
EndProject
Global
	GlobalSection(SolutionConfigurationPlatforms) = preSolution
		Debug|Any CPU = Debug|Any CPU
		Release|Any CPU = Release|Any CPU
	EndGlobalSection
	GlobalSection(ProjectConfigurationPlatforms) = postSolution
		{D45C27C7-1B98-AC31-42F1-A566388F1A88}.Debug|Any CPU.ActiveCfg = Debug|Any CPU
		{D45C27C7-1B98-AC31-42F1-A566388F1A88}.Debug|Any CPU.Build.0 = Debug|Any CPU
		{D45C27C7-1B98-AC31-42F1-A566388F1A88}.Release|Any CPU.ActiveCfg = Release|Any CPU
		{D45C27C7-1B98-AC31-42F1-A566388F1A88}.Release|Any CPU.Build.0 = Release|Any CPU
	EndGlobalSection
	GlobalSection(SolutionProperties) = preSolution
		HideSolutionNode = FALSE
	EndGlobalSection
																																																																																		GlobalSection(MonoDevelopProperties) = preSolution
<<<<<<< HEAD
=======
=======
>>>>>>> d136b11c5c07462f15cc0ed99e2a7eeb794c3e29
=======
<<<<<<< HEAD
																																																																																GlobalSection(MonoDevelopProperties) = preSolution
>>>>>>> ca1600a8e49ef0322d5786efafd009f6f9d39384
=======
																																																																														GlobalSection(MonoDevelopProperties) = preSolution
>>>>>>> 6606584a2ffe113815a6e31d52602730898789fa
<<<<<<< HEAD
>>>>>>> e9b54964acf8f9d56fca30c4194d38467cdb36bc
=======
>>>>>>> d136b11c5c07462f15cc0ed99e2a7eeb794c3e29
=======
																																																																														GlobalSection(MonoDevelopProperties) = preSolution
=======
																																																																																				GlobalSection(MonoDevelopProperties) = preSolution
>>>>>>> d5f527f06adfb0f9784dfdfd91609a85170585f8
=======
=======
<<<<<<< HEAD
=======
>>>>>>> e9b54964acf8f9d56fca30c4194d38467cdb36bc
>>>>>>> d136b11c5c07462f15cc0ed99e2a7eeb794c3e29
																																																																																																	GlobalSection(MonoDevelopProperties) = preSolution
=======
<<<<<<< HEAD
>>>>>>> ee623390f8796a4322bc29606da6c930337ba065
																																																																																					GlobalSection(MonoDevelopProperties) = preSolution
>>>>>>> 2d4bfaff288559cc16ac2463bf0cb729548d0785
=======
																																																																																						GlobalSection(MonoDevelopProperties) = preSolution
>>>>>>> c51f2f74b4c7bc6b78a094bed12c9a2bbe81fba9
>>>>>>> 0ce1c1f1f7e6fe26490adb5a4ed3c0e71a242f0d
=======
																																																																									GlobalSection(MonoDevelopProperties) = preSolution
>>>>>>> ad1927bf06db59cbd730f0a789db0a7383dbedad
>>>>>>> f68dfbaa9fa608126d13f67497af6e8fc9457a9a
=======
<<<<<<< HEAD
																																																																				GlobalSection(MonoDevelopProperties) = preSolution
=======
																																																																		GlobalSection(MonoDevelopProperties) = preSolution
>>>>>>> 369b3cc4405d194f33519a544eba67e1ecf73202
>>>>>>> b6dee922517902404bbeaefbf3e3605d7fd83808
		StartupItem = Assembly-CSharp.csproj
		Policies = $0
		$0.TextStylePolicy = $1
		$1.inheritsSet = null
		$1.scope = text/x-csharp
		$0.CSharpFormattingPolicy = $2
		$2.inheritsSet = Mono
		$2.inheritsScope = text/x-csharp
		$2.scope = text/x-csharp
		$0.TextStylePolicy = $3
		$3.FileWidth = 120
		$3.TabWidth = 4
		$3.IndentWidth = 4
		$3.EolMarker = Unix
		$3.inheritsSet = Mono
		$3.inheritsScope = text/plain
		$3.scope = text/plain
	EndGlobalSection
																																																														GlobalSection(MonoDevelopProperties) = preSolution
		StartupItem = Assembly-CSharp.csproj
		Policies = $0
		$0.TextStylePolicy = $1
		$1.inheritsSet = null
		$1.scope = text/x-csharp
		$0.CSharpFormattingPolicy = $2
		$2.inheritsSet = Mono
		$2.inheritsScope = text/x-csharp
		$2.scope = text/x-csharp
		$0.TextStylePolicy = $3
		$3.FileWidth = 120
		$3.TabWidth = 4
		$3.IndentWidth = 4
		$3.EolMarker = Unix
		$3.inheritsSet = Mono
		$3.inheritsScope = text/plain
		$3.scope = text/plain
	EndGlobalSection
																																																								GlobalSection(MonoDevelopProperties) = preSolution
		StartupItem = Assembly-CSharp.csproj
		Policies = $0
		$0.TextStylePolicy = $1
		$1.inheritsSet = null
		$1.scope = text/x-csharp
		$0.CSharpFormattingPolicy = $2
		$2.inheritsSet = Mono
		$2.inheritsScope = text/x-csharp
		$2.scope = text/x-csharp
		$0.TextStylePolicy = $3
		$3.FileWidth = 120
		$3.TabWidth = 4
		$3.IndentWidth = 4
		$3.EolMarker = Unix
		$3.inheritsSet = Mono
		$3.inheritsScope = text/plain
		$3.scope = text/plain
	EndGlobalSection

EndGlobal
